{
  "nodes": {
    "flake-utils": {
      "inputs": {
        "systems": "systems"
      },
      "locked": {
        "lastModified": 1689068808,
        "narHash": "sha256-6ixXo3wt24N/melDWjq70UuHQLxGV8jZvooRanIHXw0=",
        "owner": "numtide",
        "repo": "flake-utils",
        "rev": "919d646de7be200f3bf08cb76ae1f09402b6f9b4",
        "type": "github"
      },
      "original": {
        "id": "flake-utils",
        "type": "indirect"
      }
    },
    "freescout-nix": {
      "inputs": {
        "flake-utils": [
          "flake-utils"
        ],
        "nixpkgs": [
          "nixpkgs"
        ]
      },
      "locked": {
        "lastModified": 1686137513,
        "narHash": "sha256-u30JB/KsBjF4xWAz4iswdKIAmVGtkahD+VV7sywYCBA=",
        "ref": "main",
        "rev": "61db764a7ed44159c1ade3cd9bf9c068de0bdeb8",
        "revCount": 20,
        "type": "git",
        "url": "https://cyberchaos.dev/e1mo/freescout-nix-flake"
      },
      "original": {
        "ref": "main",
        "type": "git",
        "url": "https://cyberchaos.dev/e1mo/freescout-nix-flake"
      }
    },
    "nixpkgs": {
      "locked": {
        "lastModified": 1689940971,
        "narHash": "sha256-397xShPnFqPC59Bmpo3lS+/Aw0yoDRMACGo1+h2VJMo=",
        "owner": "NixOS",
        "repo": "nixpkgs",
        "rev": "9ca785644d067445a4aa749902b29ccef61f7476",
        "type": "github"
      },
      "original": {
        "owner": "NixOS",
        "ref": "nixos-unstable",
        "repo": "nixpkgs",
        "type": "github"
      }
    },
    "nixpkgs-stable": {
      "locked": {
        "lastModified": 1689473667,
        "narHash": "sha256-41ePf1ylHMTogSPAiufqvBbBos+gtB6zjQlYFSEKFMM=",
        "owner": "NixOS",
        "repo": "nixpkgs",
        "rev": "13231eccfa1da771afa5c0807fdd73e05a1ec4e6",
        "type": "github"
      },
      "original": {
        "owner": "NixOS",
        "ref": "release-23.05",
        "repo": "nixpkgs",
        "type": "github"
      }
    },
    "root": {
      "inputs": {
        "flake-utils": "flake-utils",
        "freescout-nix": "freescout-nix",
        "nixpkgs": "nixpkgs",
        "sops-nix": "sops-nix"
      }
    },
    "sops-nix": {
      "inputs": {
        "nixpkgs": [
          "nixpkgs"
        ],
        "nixpkgs-stable": "nixpkgs-stable"
      },
      "locked": {
        "lastModified": 1689534977,
        "narHash": "sha256-EB4hasmjKgetTR0My2bS5AwELZFIQ4zANLqHKi7aVXg=",
        "owner": "Mic92",
        "repo": "sops-nix",
        "rev": "bd695cc4d0a5e1bead703cc1bec5fa3094820a81",
        "type": "github"
      },
      "original": {
        "owner": "Mic92",
        "repo": "sops-nix",
        "type": "github"
      }
    },
    "systems": {
      "locked": {
        "lastModified": 1681028828,
        "narHash": "sha256-Vy1rq5AaRuLzOxct8nz4T6wlgyUR7zLU309k9mBC768=",
        "owner": "nix-systems",
        "repo": "default",
        "rev": "da67096a3b9bf56a91d16901293e51ba5b49a27e",
        "type": "github"
      },
      "original": {
        "owner": "nix-systems",
        "repo": "default",
        "type": "github"
      }
    }
  },
  "root": "root",
  "version": 7
}
